{
    "version": 3,
    "terraform_version": "0.11.7",
    "serial": 3,
    "lineage": "4c0c183b-4e3d-5a0f-3d7d-c876cf263eb0",
    "modules": [
        {
            "path": [
                "root"
            ],
            "outputs": {},
            "resources": {
                "github_repository_deploy_key.key": {
                    "type": "github_repository_deploy_key",
                    "depends_on": [
                        "local.github_repo",
                        "netlify_deploy_key.key"
                    ],
                    "primary": {
                        "id": "packer:28660904",
                        "attributes": {
                            "id": "packer:28660904",
                            "key": "ssh-rsa AAAAB3NzaC1yc2EAAAADAQABAAABAQDXlItThnZc0ePrzAhqdDmgHMw2XNmdf/YM8REwiex6gzDNpakZ/oAJ900uq3f0Pyh4yEB5ezP8k8PGP1sYJ/RHKSkmAsNKoIRd8Agf37f3whMooTFKPoBvI8RU822CWuaRQSy8a5gxW+t/8TFpzNWdwM7Jd1pp7kxy5x7HjOII4CoCW4z+MOJ4eaSo+jQgJ9Rh3JRsJ2pNvAu9+gClwMOfhps1qvhH+8GQp+76v3p0IKy2B8wEvun7vaL7vYXkCOtS7kdDtyi2uSgHaIJRKyb10IcZhpW4TMUrfW2DVEL9DpvH4Al2UycJaUdFqU9DjmuCj8rLieygSsralWsFtVGp",
                            "read_only": "false",
                            "repository": "packer",
                            "title": "Netlify"
                        },
                        "meta": {},
                        "tainted": false
                    },
                    "deposed": [],
                    "provider": "provider.github"
                },
                "github_repository_webhook.main": {
                    "type": "github_repository_webhook",
                    "depends_on": [
                        "local.github_repo",
                        "netlify_site.main"
                    ],
                    "primary": {
                        "id": "28678211",
                        "attributes": {
                            "active": "true",
                            "configuration.%": "3",
                            "configuration.content_type": "json",
                            "configuration.insecure_ssl": "0",
                            "configuration.url": "https://api.netlify.com/hooks/github",
                            "events.#": "3",
                            "events.1597642340": "push",
                            "events.2342231791": "pull_request",
                            "events.974290055": "delete",
                            "id": "28678211",
                            "name": "web",
                            "repository": "packer",
                            "url": "https://api.github.com/repos/jescalan/packer/hooks/28678211"
                        },
                        "meta": {},
                        "tainted": false
                    },
                    "deposed": [],
                    "provider": "provider.github"
                },
                "netlify_deploy_key.key": {
                    "type": "netlify_deploy_key",
                    "depends_on": [],
                    "primary": {
                        "id": "5af1dc813672df7d8b70da10",
                        "attributes": {
                            "id": "5af1dc813672df7d8b70da10",
                            "public_key": "ssh-rsa AAAAB3NzaC1yc2EAAAADAQABAAABAQDXlItThnZc0ePrzAhqdDmgHMw2XNmdf/YM8REwiex6gzDNpakZ/oAJ900uq3f0Pyh4yEB5ezP8k8PGP1sYJ/RHKSkmAsNKoIRd8Agf37f3whMooTFKPoBvI8RU822CWuaRQSy8a5gxW+t/8TFpzNWdwM7Jd1pp7kxy5x7HjOII4CoCW4z+MOJ4eaSo+jQgJ9Rh3JRsJ2pNvAu9+gClwMOfhps1qvhH+8GQp+76v3p0IKy2B8wEvun7vaL7vYXkCOtS7kdDtyi2uSgHaIJRKyb10IcZhpW4TMUrfW2DVEL9DpvH4Al2UycJaUdFqU9DjmuCj8rLieygSsralWsFtVGp"
                        },
                        "meta": {},
                        "tainted": false
                    },
                    "deposed": [],
                    "provider": "provider.netlify"
                },
                "netlify_site.main": {
                    "type": "netlify_site",
                    "depends_on": [
                        "local.github_full",
                        "netlify_deploy_key.key"
                    ],
                    "primary": {
                        "id": "e46dc7bc-2a01-4015-91e4-26e7bdf0df5c",
                        "attributes": {
                            "custom_domain": "",
                            "deploy_url": "http://5af1dce411b73b4e32e33233.packer-test.netlify.com",
                            "id": "e46dc7bc-2a01-4015-91e4-26e7bdf0df5c",
                            "name": "packer-test",
                            "repo.#": "1",
                            "repo.0.command": "cd website \u0026\u0026 bundle \u0026\u0026 middleman build --verbose",
                            "repo.0.deploy_key_id": "5af1dc813672df7d8b70da10",
                            "repo.0.dir": "website/build",
                            "repo.0.provider": "github",
                            "repo.0.repo_branch": "stable-website",
                            "repo.0.repo_path": "jescalan/packer"
                        },
                        "meta": {},
                        "tainted": false
                    },
                    "deposed": [],
                    "provider": "provider.netlify"
                }
            },
            "depends_on": []
        }
    ]
}
